# This file is automatically @generated by Poetry 2.2.1 and should not be changed by hand.

[[package]]
name = "async-timeout"
version = "5.0.1"
description = "Timeout context manager for asyncio programs"
optional = false
python-versions = ">=3.8"
groups = ["main", "test"]
markers = "python_full_version < \"3.11.3\""
files = [
    {file = "async_timeout-5.0.1-py3-none-any.whl", hash = "sha256:39e3809566ff85354557ec2398b55e096c8364bacac9405a7a1fa429e77fe76c"},
    {file = "async_timeout-5.0.1.tar.gz", hash = "sha256:d9321a7a3d5a6a5e187e824d2fa0793ce379a202935782d555d6e9d2735677d3"},
]

[[package]]
name = "colorama"
version = "0.4.6"
description = "Cross-platform colored terminal text."
optional = false
python-versions = "!=3.0.*,!=3.1.*,!=3.2.*,!=3.3.*,!=3.4.*,!=3.5.*,!=3.6.*,>=2.7"
groups = ["test"]
markers = "sys_platform == \"win32\""
files = [
    {file = "colorama-0.4.6-py2.py3-none-any.whl", hash = "sha256:4f1d9991f5acc0ca119f9d443620b77f9d6b33703e51011c16baf57afb285fc6"},
    {file = "colorama-0.4.6.tar.gz", hash = "sha256:08695f5cb7ed6e0531a20572697297273c47b8cae5a63ffc6d6ed5c201be6e44"},
]

[[package]]
name = "exceptiongroup"
version = "1.2.2"
description = "Backport of PEP 654 (exception groups)"
optional = false
python-versions = ">=3.7"
groups = ["test"]
markers = "python_version < \"3.11\""
files = [
    {file = "exceptiongroup-1.2.2-py3-none-any.whl", hash = "sha256:3111b9d131c238bec2f8f516e123e14ba243563fb135d3fe885990585aa7795b"},
    {file = "exceptiongroup-1.2.2.tar.gz", hash = "sha256:47c2edf7c6738fafb49fd34290706d1a1a2f4d1c6df275526b62cbb4aa5393cc"},
]

[package.extras]
test = ["pytest (>=6)"]

[[package]]
name = "fakeredis"
version = "2.27.0"
description = "Python implementation of redis API, can be used for testing purposes."
optional = false
python-versions = "<4.0,>=3.7"
groups = ["test"]
files = [
    {file = "fakeredis-2.27.0-py3-none-any.whl", hash = "sha256:f4b6e0fa4193acbf00d81dac71ff5cc34fe7d7c12f1560b036f98578a103d5c3"},
    {file = "fakeredis-2.27.0.tar.gz", hash = "sha256:7b7584ec104392592297f46864a82cb7339a23e254ee885bf5ae07cfc64fbce7"},
]

[package.dependencies]
lupa = {version = ">=2.1,<3.0", optional = true, markers = "extra == \"lua\""}
redis = {version = ">=4.3", markers = "python_full_version > \"3.8.0\""}
sortedcontainers = ">=2,<3"
typing-extensions = {version = ">=4.7,<5.0", markers = "python_version < \"3.11\""}

[package.extras]
bf = ["pyprobables (>=0.6,<0.7)"]
cf = ["pyprobables (>=0.6,<0.7)"]
json = ["jsonpath-ng (>=1.6,<2.0)"]
lua = ["lupa (>=2.1,<3.0)"]
probabilistic = ["pyprobables (>=0.6,<0.7)"]

[[package]]
name = "iniconfig"
version = "2.1.0"
description = "brain-dead simple config-ini parsing"
optional = false
python-versions = ">=3.8"
groups = ["test"]
files = [
    {file = "iniconfig-2.1.0-py3-none-any.whl", hash = "sha256:9deba5723312380e77435581c6bf4935c94cbfab9b1ed33ef8d238ea168eb760"},
    {file = "iniconfig-2.1.0.tar.gz", hash = "sha256:3abbd2e30b36733fee78f9c7f7308f2d0050e88f0087fd25c2645f63c773e1c7"},
]

[[package]]
name = "lupa"
version = "2.6"
description = "Python wrapper around Lua and LuaJIT"
optional = false
python-versions = "*"
groups = ["test"]
files = [
    {file = "lupa-2.6-cp310-cp310-macosx_11_0_arm64.whl", hash = "sha256:6b3dabda836317e63c5ad052826e156610f356a04b3003dfa0dbe66b5d54d671"},
    {file = "lupa-2.6-cp310-cp310-macosx_11_0_universal2.whl", hash = "sha256:8726d1c123bbe9fbb974ce29825e94121824e66003038ff4532c14cc2ed0c51c"},
    {file = "lupa-2.6-cp310-cp310-macosx_11_0_x86_64.whl", hash = "sha256:f4e159e7d814171199b246f9235ca8961f6461ea8c1165ab428afa13c9289a94"},
    {file = "lupa-2.6-cp310-cp310-manylinux2010_i686.manylinux_2_12_i686.manylinux_2_28_i686.whl", hash = "sha256:202160e80dbfddfb79316692a563d843b767e0f6787bbd1c455f9d54052efa6c"},
    {file = "lupa-2.6-cp310-cp310-manylinux2014_aarch64.manylinux_2_17_aarch64.manylinux_2_28_aarch64.whl", hash = "sha256:5deede7c5b36ab64f869dae4831720428b67955b0bb186c8349cf6ea121c852b"},
    {file = "lupa-2.6-cp310-cp310-manylinux2014_x86_64.manylinux_2_17_x86_64.manylinux_2_28_x86_64.whl", hash = "sha256:86f04901f920bbf7c0cac56807dc9597e42347123e6f1f3ca920f15f54188ce5"},
    {file = "lupa-2.6-cp310-cp310-musllinux_1_2_aarch64.whl", hash = "sha256:6deef8f851d6afb965c84849aa5b8c38856942df54597a811ce0369ced678610"},
    {file = "lupa-2.6-cp310-cp310-musllinux_1_2_i686.whl", hash = "sha256:21f2b5549681c2a13b1170a26159d30875d367d28f0247b81ca347222c755038"},
    {file = "lupa-2.6-cp310-cp310-musllinux_1_2_x86_64.whl", hash = "sha256:66eea57630eab5e6f49fdc5d7811c0a2a41f2011be4ea56a087ea76112011eb7"},
    {file = "lupa-2.6-cp310-cp310-win32.whl", hash = "sha256:60a403de8cab262a4fe813085dd77010effa6e2eb1886db2181df803140533b1"},
    {file = "lupa-2.6-cp310-cp310-win_amd64.whl", hash = "sha256:e4656a39d93dfa947cf3db56dc16c7916cb0cc8024acd3a952071263f675df64"},
    {file = "lupa-2.6-cp311-cp311-macosx_11_0_arm64.whl", hash = "sha256:6d988c0f9331b9f2a5a55186701a25444ab10a1432a1021ee58011499ecbbdd5"},
    {file = "lupa-2.6-cp311-cp311-macosx_11_0_universal2.whl", hash = "sha256:ebe1bbf48259382c72a6fe363dea61a0fd6fe19eab95e2ae881e20f3654587bf"},
    {file = "lupa-2.6-cp311-cp311-macosx_11_0_x86_64.whl", hash = "sha256:a8fcee258487cf77cdd41560046843bb38c2e18989cd19671dd1e2596f798306"},
    {file = "lupa-2.6-cp311-cp311-manylinux2010_i686.manylinux_2_12_i686.manylinux_2_28_i686.whl", hash = "sha256:561a8e3be800827884e767a694727ed8482d066e0d6edfcbf423b05e63b05535"},
    {file = "lupa-2.6-cp311-cp311-manylinux2014_aarch64.manylinux_2_17_aarch64.manylinux_2_28_aarch64.whl", hash = "sha256:af880a62d47991cae78b8e9905c008cbfdc4a3a9723a66310c2634fc7644578c"},
    {file = "lupa-2.6-cp311-cp311-manylinux2014_x86_64.manylinux_2_17_x86_64.manylinux_2_28_x86_64.whl", hash = "sha256:80b22923aa4023c86c0097b235615f89d469a0c4eee0489699c494d3367c4c85"},
    {file = "lupa-2.6-cp311-cp311-musllinux_1_2_aarch64.whl", hash = "sha256:153d2cc6b643f7efb9cfc0c6bb55ec784d5bac1a3660cfc5b958a7b8f38f4a75"},
    {file = "lupa-2.6-cp311-cp311-musllinux_1_2_i686.whl", hash = "sha256:3fa8777e16f3ded50b72967dc17e23f5a08e4f1e2c9456aff2ebdb57f5b2869f"},
    {file = "lupa-2.6-cp311-cp311-musllinux_1_2_x86_64.whl", hash = "sha256:8dbdcbe818c02a2f56f5ab5ce2de374dab03e84b25266cfbaef237829bc09b3f"},
    {file = "lupa-2.6-cp311-cp311-win32.whl", hash = "sha256:defaf188fde8f7a1e5ce3a5e6d945e533b8b8d547c11e43b96c9b7fe527f56dc"},
    {file = "lupa-2.6-cp311-cp311-win_amd64.whl", hash = "sha256:9505ae600b5c14f3e17e70f87f88d333717f60411faca1ddc6f3e61dce85fa9e"},
    {file = "lupa-2.6-cp312-cp312-macosx_11_0_arm64.whl", hash = "sha256:47ce718817ef1cc0c40d87c3d5ae56a800d61af00fbc0fad1ca9be12df2f3b56"},
    {file = "lupa-2.6-cp312-cp312-macosx_11_0_universal2.whl", hash = "sha256:7aba985b15b101495aa4b07112cdc08baa0c545390d560ad5cfde2e9e34f4d58"},
    {file = "lupa-2.6-cp312-cp312-macosx_11_0_x86_64.whl", hash = "sha256:b766f62f95b2739f2248977d29b0722e589dcf4f0ccfa827ccbd29f0148bd2e5"},
    {file = "lupa-2.6-cp312-cp312-manylinux2010_i686.manylinux_2_12_i686.manylinux_2_28_i686.whl", hash = "sha256:00a934c23331f94cb51760097ebfab14b005d55a6b30a2b480e3c53dd2fa290d"},
    {file = "lupa-2.6-cp312-cp312-manylinux2014_aarch64.manylinux_2_17_aarch64.manylinux_2_28_aarch64.whl", hash = "sha256:21de9f38bd475303e34a042b7081aabdf50bd9bafd36ce4faea2f90fd9f15c31"},
    {file = "lupa-2.6-cp312-cp312-manylinux2014_x86_64.manylinux_2_17_x86_64.manylinux_2_28_x86_64.whl", hash = "sha256:cf3bda96d3fc41237e964a69c23647d50d4e28421111360274d4799832c560e9"},
    {file = "lupa-2.6-cp312-cp312-musllinux_1_2_aarch64.whl", hash = "sha256:5a76ead245da54801a81053794aa3975f213221f6542d14ec4b859ee2e7e0323"},
    {file = "lupa-2.6-cp312-cp312-musllinux_1_2_i686.whl", hash = "sha256:8dd0861741caa20886ddbda0a121d8e52fb9b5bb153d82fa9bba796962bf30e8"},
    {file = "lupa-2.6-cp312-cp312-musllinux_1_2_x86_64.whl", hash = "sha256:239e63948b0b23023f81d9a19a395e768ed3da6a299f84e7963b8f813f6e3f9c"},
    {file = "lupa-2.6-cp312-cp312-win32.whl", hash = "sha256:325894e1099499e7a6f9c351147661a2011887603c71086d36fe0f964d52d1ce"},
    {file = "lupa-2.6-cp312-cp312-win_amd64.whl", hash = "sha256:c735a1ce8ee60edb0fe71d665f1e6b7c55c6021f1d340eb8c865952c602cd36f"},
    {file = "lupa-2.6-cp313-cp313-macosx_11_0_arm64.whl", hash = "sha256:663a6e58a0f60e7d212017d6678639ac8df0119bc13c2145029dcba084391310"},
    {file = "lupa-2.6-cp313-cp313-macosx_11_0_universal2.whl", hash = "sha256:d1f5afda5c20b1f3217a80e9bc1b77037f8a6eb11612fd3ada19065303c8f380"},
    {file = "lupa-2.6-cp313-cp313-macosx_11_0_x86_64.whl", hash = "sha256:26f2b3c085fe76e9119e48c1013c1cccdc1f51585d456858290475aa38e7089e"},
    {file = "lupa-2.6-cp313-cp313-manylinux2010_i686.manylinux_2_12_i686.manylinux_2_28_i686.whl", hash = "sha256:60d2f902c7b96fb8ab98493dcff315e7bb4d0b44dc9dd76eb37de575025d5685"},
    {file = "lupa-2.6-cp313-cp313-manylinux2014_aarch64.manylinux_2_17_aarch64.manylinux_2_28_aarch64.whl", hash = "sha256:a02d25dee3a3250967c36590128d9220ae02f2eda166a24279da0b481519cbff"},
    {file = "lupa-2.6-cp313-cp313-manylinux2014_x86_64.manylinux_2_17_x86_64.manylinux_2_28_x86_64.whl", hash = "sha256:6eae1ee16b886b8914ff292dbefbf2f48abfbdee94b33a88d1d5475e02423203"},
    {file = "lupa-2.6-cp313-cp313-musllinux_1_2_aarch64.whl", hash = "sha256:b0edd5073a4ee74ab36f74fe61450148e6044f3952b8d21248581f3c5d1a58be"},
    {file = "lupa-2.6-cp313-cp313-musllinux_1_2_i686.whl", hash = "sha256:0c53ee9f22a8a17e7d4266ad48e86f43771951797042dd51d1494aaa4f5f3f0a"},
    {file = "lupa-2.6-cp313-cp313-musllinux_1_2_x86_64.whl", hash = "sha256:de7c0f157a9064a400d828789191a96da7f4ce889969a588b87ec80de9b14772"},
    {file = "lupa-2.6-cp313-cp313-win32.whl", hash = "sha256:ee9523941ae0a87b5b703417720c5d78f72d2f5bc23883a2ea80a949a3ed9e75"},
    {file = "lupa-2.6-cp313-cp313-win_amd64.whl", hash = "sha256:b1335a5835b0a25ebdbc75cf0bda195e54d133e4d994877ef025e218c2e59db9"},
    {file = "lupa-2.6-cp314-cp314-macosx_11_0_arm64.whl", hash = "sha256:dcb6d0a3264873e1653bc188499f48c1fb4b41a779e315eba45256cfe7bc33c1"},
    {file = "lupa-2.6-cp314-cp314-macosx_11_0_universal2.whl", hash = "sha256:a37e01f2128f8c36106726cb9d360bac087d58c54b4522b033cc5691c584db18"},
    {file = "lupa-2.6-cp314-cp314-macosx_11_0_x86_64.whl", hash = "sha256:458bd7e9ff3c150b245b0fcfbb9bd2593d1152ea7f0a7b91c1d185846da033fe"},
    {file = "lupa-2.6-cp314-cp314-manylinux2010_i686.manylinux_2_12_i686.manylinux_2_28_i686.whl", hash = "sha256:052ee82cac5206a02df77119c325339acbc09f5ce66967f66a2e12a0f3211cad"},
    {file = "lupa-2.6-cp314-cp314-manylinux2014_aarch64.manylinux_2_17_aarch64.manylinux_2_28_aarch64.whl", hash = "sha256:96594eca3c87dd07938009e95e591e43d554c1dbd0385be03c100367141db5a8"},
    {file = "lupa-2.6-cp314-cp314-manylinux2014_x86_64.manylinux_2_17_x86_64.manylinux_2_28_x86_64.whl", hash = "sha256:e8faddd9d198688c8884091173a088a8e920ecc96cda2ffed576a23574c4b3f6"},
    {file = "lupa-2.6-cp314-cp314-musllinux_1_2_aarch64.whl", hash = "sha256:daebb3a6b58095c917e76ba727ab37b27477fb926957c825205fbda431552134"},
    {file = "lupa-2.6-cp314-cp314-musllinux_1_2_i686.whl", hash = "sha256:f3154e68972befe0f81564e37d8142b5d5d79931a18309226a04ec92487d4ea3"},
    {file = "lupa-2.6-cp314-cp314-musllinux_1_2_x86_64.whl", hash = "sha256:e4dadf77b9fedc0bfa53417cc28dc2278a26d4cbd95c29f8927ad4d8fe0a7ef9"},
    {file = "lupa-2.6-cp314-cp314-win32.whl", hash = "sha256:cb34169c6fa3bab3e8ac58ca21b8a7102f6a94b6a5d08d3636312f3f02fafd8f"},
    {file = "lupa-2.6-cp314-cp314-win_amd64.whl", hash = "sha256:b74f944fe46c421e25d0f8692aef1e842192f6f7f68034201382ac440ef9ea67"},
    {file = "lupa-2.6-cp314-cp314t-macosx_11_0_arm64.whl", hash = "sha256:0e21b716408a21ab65723f8841cf7f2f37a844b7a965eeabb785e27fca4099cf"},
    {file = "lupa-2.6-cp314-cp314t-macosx_11_0_universal2.whl", hash = "sha256:589db872a141bfff828340079bbdf3e9a31f2689f4ca0d88f97d9e8c2eae6142"},
    {file = "lupa-2.6-cp314-cp314t-macosx_11_0_x86_64.whl", hash = "sha256:cd852a91a4a9d4dcbb9a58100f820a75a425703ec3e3f049055f60b8533b7953"},
    {file = "lupa-2.6-cp314-cp314t-manylinux2010_i686.manylinux_2_12_i686.manylinux_2_28_i686.whl", hash = "sha256:0334753be028358922415ca97a64a3048e4ed155413fc4eaf87dd0a7e2752983"},
    {file = "lupa-2.6-cp314-cp314t-manylinux2014_aarch64.manylinux_2_17_aarch64.manylinux_2_28_aarch64.whl", hash = "sha256:661d895cd38c87658a34780fac54a690ec036ead743e41b74c3fb81a9e65a6aa"},
    {file = "lupa-2.6-cp314-cp314t-manylinux2014_x86_64.manylinux_2_17_x86_64.manylinux_2_28_x86_64.whl", hash = "sha256:6aa58454ccc13878cc177c62529a2056be734da16369e451987ff92784994ca7"},
    {file = "lupa-2.6-cp314-cp314t-musllinux_1_2_aarch64.whl", hash = "sha256:1425017264e470c98022bba8cff5bd46d054a827f5df6b80274f9cc71dafd24f"},
    {file = "lupa-2.6-cp314-cp314t-musllinux_1_2_i686.whl", hash = "sha256:224af0532d216e3105f0a127410f12320f7c5f1aa0300bdf9646b8d9afb0048c"},
    {file = "lupa-2.6-cp314-cp314t-musllinux_1_2_x86_64.whl", hash = "sha256:9abb98d5a8fd27c8285302e82199f0e56e463066f88f619d6594a450bf269d80"},
    {file = "lupa-2.6-cp314-cp314t-win32.whl", hash = "sha256:1849efeba7a8f6fb8aa2c13790bee988fd242ae404bd459509640eeea3d1e291"},
    {file = "lupa-2.6-cp314-cp314t-win_amd64.whl", hash = "sha256:fc1498d1a4fc028bc521c26d0fad4ca00ed63b952e32fb95949bda76a04bad52"},
    {file = "lupa-2.6-cp38-cp38-macosx_11_0_arm64.whl", hash = "sha256:9591700991e333b70dd92b48f152eb4731b8b24af671a9f6f721b74d68ed4499"},
    {file = "lupa-2.6-cp38-cp38-macosx_11_0_x86_64.whl", hash = "sha256:ef8dfa7fe08bc3f4591411b8945bbeb15af8512c3e7ad5e9b1e3a9036cdbbce7"},
    {file = "lupa-2.6-cp38-cp38-manylinux2010_i686.manylinux_2_12_i686.manylinux_2_28_i686.whl", hash = "sha256:728c466e91174dad238f8a9c1cbdb8e69ffe559df85f87ee76edac3395300949"},
    {file = "lupa-2.6-cp38-cp38-manylinux2014_aarch64.manylinux_2_17_aarch64.manylinux_2_28_aarch64.whl", hash = "sha256:c781170bc7134704ae317a66204d30688b41d3e471e17e659987ea4947e11f20"},
    {file = "lupa-2.6-cp38-cp38-manylinux2014_x86_64.manylinux_2_17_x86_64.manylinux_2_28_x86_64.whl", hash = "sha256:241f4ddab33b9a686fc76667241bebc39a06b74ec40d79ec222f5add9000fe57"},
    {file = "lupa-2.6-cp38-cp38-musllinux_1_2_aarch64.whl", hash = "sha256:c17f6b6193ced33cc7ca0b2b08b319a1b3501b014a3a3f9999c01cafc04c40f5"},
    {file = "lupa-2.6-cp38-cp38-musllinux_1_2_i686.whl", hash = "sha256:fa6c1379e83d4104065c151736250a09f3a99e368423c7a20f9c59b15945e9fc"},
    {file = "lupa-2.6-cp38-cp38-musllinux_1_2_x86_64.whl", hash = "sha256:aef1a8bc10c50695e1a33a07dbef803b93eb97fc150fdb19858d704a603a67dd"},
    {file = "lupa-2.6-cp38-cp38-win32.whl", hash = "sha256:10c191bc1d5565e4360d884bea58320975ddb33270cdf9a9f55d1a1efe79aa03"},
    {file = "lupa-2.6-cp38-cp38-win_amd64.whl", hash = "sha256:05681f8ffb41f0c7fbb9ca859cc3a7e4006e9c6350d25358b535c5295c6a9928"},
    {file = "lupa-2.6-cp39-cp39-macosx_11_0_arm64.whl", hash = "sha256:8897dc6c3249786b2cdf2f83324febb436193d4581b6a71dea49f77bf8b19bb0"},
    {file = "lupa-2.6-cp39-cp39-macosx_11_0_universal2.whl", hash = "sha256:4446396ca3830be0c106c70db4b4f622c37b2d447874c07952cafb9c57949a4a"},
    {file = "lupa-2.6-cp39-cp39-macosx_11_0_x86_64.whl", hash = "sha256:5826e687c89995a6eaafeae242071ba16448eec1a9ee8e17ed48551b5d1e21c2"},
    {file = "lupa-2.6-cp39-cp39-manylinux2010_i686.manylinux_2_12_i686.manylinux_2_28_i686.whl", hash = "sha256:5871935cb36d1d22f9c04ac0db75c06751bd95edcfa0d9309f732de908e297a9"},
    {file = "lupa-2.6-cp39-cp39-manylinux2014_aarch64.manylinux_2_17_aarch64.manylinux_2_28_aarch64.whl", hash = "sha256:43eb6e43ea8512d0d65b995d36dd9d77aa02598035e25b84c23a1b58700c9fb2"},
    {file = "lupa-2.6-cp39-cp39-manylinux2014_x86_64.manylinux_2_17_x86_64.manylinux_2_28_x86_64.whl", hash = "sha256:559714053018d9885cc8c36a33c5b7eb9aad30fb6357719cac3ce4dc6b39157e"},
    {file = "lupa-2.6-cp39-cp39-musllinux_1_2_aarch64.whl", hash = "sha256:57ac88a00ce59bd9d4ddcd4fca8e02564765725f5068786b011c9d1be3de20c5"},
    {file = "lupa-2.6-cp39-cp39-musllinux_1_2_i686.whl", hash = "sha256:b683fbd867c2e54c44a686361b75eee7e7a790da55afdbe89f1f23b106de0274"},
    {file = "lupa-2.6-cp39-cp39-musllinux_1_2_x86_64.whl", hash = "sha256:d2f656903a2ed2e074bf2b7d300968028dfa327a45b055be8e3b51ef0b82f9bf"},
    {file = "lupa-2.6-cp39-cp39-win32.whl", hash = "sha256:bf28f68ae231b72008523ab5ac23835ba0f76e0e99ec38b59766080a84eb596a"},
    {file = "lupa-2.6-cp39-cp39-win_amd64.whl", hash = "sha256:b4b2e9b3795a9897cf6cfcc58d08210fdc0d13ab47c9a0e13858c68932d8353c"},
    {file = "lupa-2.6.tar.gz", hash = "sha256:9a770a6e89576be3447668d7ced312cd6fd41d3c13c2462c9dc2c2ab570e45d9"},
]

[[package]]
name = "packaging"
version = "24.2"
description = "Core utilities for Python packages"
optional = false
python-versions = ">=3.8"
groups = ["test"]
files = [
    {file = "packaging-24.2-py3-none-any.whl", hash = "sha256:09abb1bccd265c01f4a3aa3f7a7db064b36514d2cba19a2f694fe6150451a759"},
    {file = "packaging-24.2.tar.gz", hash = "sha256:c228a6dc5e932d346bc5739379109d49e8853dd8223571c7c5b55260edc0b97f"},
]

[[package]]
name = "pluggy"
version = "1.5.0"
description = "plugin and hook calling mechanisms for python"
optional = false
python-versions = ">=3.8"
groups = ["test"]
files = [
    {file = "pluggy-1.5.0-py3-none-any.whl", hash = "sha256:44e1ad92c8ca002de6377e165f3e0f1be63266ab4d554740532335b9d75ea669"},
    {file = "pluggy-1.5.0.tar.gz", hash = "sha256:2cffa88e94fdc978c4c574f15f9e59b7f4201d439195c3715ca9e2486f1d0cf1"},
]

[package.extras]
dev = ["pre-commit", "tox"]
testing = ["pytest", "pytest-benchmark"]

[[package]]
name = "pytest"
version = "8.3.5"
description = "pytest: simple powerful testing with Python"
optional = false
python-versions = ">=3.8"
groups = ["test"]
files = [
    {file = "pytest-8.3.5-py3-none-any.whl", hash = "sha256:c69214aa47deac29fad6c2a4f590b9c4a9fdb16a403176fe154b79c0b4d4d820"},
    {file = "pytest-8.3.5.tar.gz", hash = "sha256:f4efe70cc14e511565ac476b57c279e12a855b11f48f212af1080ef2263d3845"},
]

[package.dependencies]
colorama = {version = "*", markers = "sys_platform == \"win32\""}
exceptiongroup = {version = ">=1.0.0rc8", markers = "python_version < \"3.11\""}
iniconfig = "*"
packaging = "*"
pluggy = ">=1.5,<2"
tomli = {version = ">=1", markers = "python_version < \"3.11\""}

[package.extras]
dev = ["argcomplete", "attrs (>=19.2)", "hypothesis (>=3.56)", "mock", "pygments (>=2.7.2)", "requests", "setuptools", "xmlschema"]

[[package]]
name = "pytest-asyncio"
version = "0.24.0"
description = "Pytest support for asyncio"
optional = false
python-versions = ">=3.8"
groups = ["test"]
files = [
    {file = "pytest_asyncio-0.24.0-py3-none-any.whl", hash = "sha256:a811296ed596b69bf0b6f3dc40f83bcaf341b155a269052d82efa2b25ac7037b"},
    {file = "pytest_asyncio-0.24.0.tar.gz", hash = "sha256:d081d828e576d85f875399194281e92bf8a68d60d72d1a2faf2feddb6c46b276"},
]

[package.dependencies]
pytest = ">=8.2,<9"

[package.extras]
docs = ["sphinx (>=5.3)", "sphinx-rtd-theme (>=1.0)"]
testing = ["coverage (>=6.2)", "hypothesis (>=5.7.1)"]

[[package]]
name = "redis"
version = "5.2.1"
description = "Python client for Redis database and key-value store"
optional = false
python-versions = ">=3.8"
groups = ["main", "test"]
files = [
    {file = "redis-5.2.1-py3-none-any.whl", hash = "sha256:ee7e1056b9aea0f04c6c2ed59452947f34c4940ee025f5dd83e6a6418b6989e4"},
    {file = "redis-5.2.1.tar.gz", hash = "sha256:16f2e22dff21d5125e8481515e386711a34cbec50f0e44413dd7d9c060a54e0f"},
]

[package.dependencies]
async-timeout = {version = ">=4.0.3", markers = "python_full_version < \"3.11.3\""}

[package.extras]
hiredis = ["hiredis (>=3.0.0)"]
ocsp = ["cryptography (>=36.0.1)", "pyopenssl (==23.2.1)", "requests (>=2.31.0)"]

[[package]]
name = "sortedcontainers"
version = "2.4.0"
description = "Sorted Containers -- Sorted List, Sorted Dict, Sorted Set"
optional = false
python-versions = "*"
groups = ["test"]
files = [
    {file = "sortedcontainers-2.4.0-py2.py3-none-any.whl", hash = "sha256:a163dcaede0f1c021485e957a39245190e74249897e2ae4b2aa38595db237ee0"},
    {file = "sortedcontainers-2.4.0.tar.gz", hash = "sha256:25caa5a06cc30b6b83d11423433f65d1f9d76c4c6a0c90e3379eaa43b9bfdb88"},
]

[[package]]
name = "tenacity"
version = "9.0.0"
description = "Retry code until it succeeds"
optional = false
python-versions = ">=3.8"
groups = ["main"]
files = [
    {file = "tenacity-9.0.0-py3-none-any.whl", hash = "sha256:93de0c98785b27fcf659856aa9f54bfbd399e29969b0621bc7f762bd441b4539"},
    {file = "tenacity-9.0.0.tar.gz", hash = "sha256:807f37ca97d62aa361264d497b0e31e92b8027044942bfa756160d908320d73b"},
]

[package.extras]
doc = ["reno", "sphinx"]
test = ["pytest", "tornado (>=4.5)", "typeguard"]

[[package]]
name = "tomli"
version = "2.2.1"
description = "A lil' TOML parser"
optional = false
python-versions = ">=3.8"
groups = ["test"]
markers = "python_version < \"3.11\""
files = [
    {file = "tomli-2.2.1-cp311-cp311-macosx_10_9_x86_64.whl", hash = "sha256:678e4fa69e4575eb77d103de3df8a895e1591b48e740211bd1067378c69e8249"},
    {file = "tomli-2.2.1-cp311-cp311-macosx_11_0_arm64.whl", hash = "sha256:023aa114dd824ade0100497eb2318602af309e5a55595f76b626d6d9f3b7b0a6"},
    {file = "tomli-2.2.1-cp311-cp311-manylinux_2_17_aarch64.manylinux2014_aarch64.whl", hash = "sha256:ece47d672db52ac607a3d9599a9d48dcb2f2f735c6c2d1f34130085bb12b112a"},
    {file = "tomli-2.2.1-cp311-cp311-manylinux_2_17_x86_64.manylinux2014_x86_64.whl", hash = "sha256:6972ca9c9cc9f0acaa56a8ca1ff51e7af152a9f87fb64623e31d5c83700080ee"},
    {file = "tomli-2.2.1-cp311-cp311-manylinux_2_5_i686.manylinux1_i686.manylinux_2_17_i686.manylinux2014_i686.whl", hash = "sha256:c954d2250168d28797dd4e3ac5cf812a406cd5a92674ee4c8f123c889786aa8e"},
    {file = "tomli-2.2.1-cp311-cp311-musllinux_1_2_aarch64.whl", hash = "sha256:8dd28b3e155b80f4d54beb40a441d366adcfe740969820caf156c019fb5c7ec4"},
    {file = "tomli-2.2.1-cp311-cp311-musllinux_1_2_i686.whl", hash = "sha256:e59e304978767a54663af13c07b3d1af22ddee3bb2fb0618ca1593e4f593a106"},
    {file = "tomli-2.2.1-cp311-cp311-musllinux_1_2_x86_64.whl", hash = "sha256:33580bccab0338d00994d7f16f4c4ec25b776af3ffaac1ed74e0b3fc95e885a8"},
    {file = "tomli-2.2.1-cp311-cp311-win32.whl", hash = "sha256:465af0e0875402f1d226519c9904f37254b3045fc5084697cefb9bdde1ff99ff"},
    {file = "tomli-2.2.1-cp311-cp311-win_amd64.whl", hash = "sha256:2d0f2fdd22b02c6d81637a3c95f8cd77f995846af7414c5c4b8d0545afa1bc4b"},
    {file = "tomli-2.2.1-cp312-cp312-macosx_10_13_x86_64.whl", hash = "sha256:4a8f6e44de52d5e6c657c9fe83b562f5f4256d8ebbfe4ff922c495620a7f6cea"},
    {file = "tomli-2.2.1-cp312-cp312-macosx_11_0_arm64.whl", hash = "sha256:8d57ca8095a641b8237d5b079147646153d22552f1c637fd3ba7f4b0b29167a8"},
    {file = "tomli-2.2.1-cp312-cp312-manylinux_2_17_aarch64.manylinux2014_aarch64.whl", hash = "sha256:4e340144ad7ae1533cb897d406382b4b6fede8890a03738ff1683af800d54192"},
    {file = "tomli-2.2.1-cp312-cp312-manylinux_2_17_x86_64.manylinux2014_x86_64.whl", hash = "sha256:db2b95f9de79181805df90bedc5a5ab4c165e6ec3fe99f970d0e302f384ad222"},
    {file = "tomli-2.2.1-cp312-cp312-manylinux_2_5_i686.manylinux1_i686.manylinux_2_17_i686.manylinux2014_i686.whl", hash = "sha256:40741994320b232529c802f8bc86da4e1aa9f413db394617b9a256ae0f9a7f77"},
    {file = "tomli-2.2.1-cp312-cp312-musllinux_1_2_aarch64.whl", hash = "sha256:400e720fe168c0f8521520190686ef8ef033fb19fc493da09779e592861b78c6"},
    {file = "tomli-2.2.1-cp312-cp312-musllinux_1_2_i686.whl", hash = "sha256:02abe224de6ae62c19f090f68da4e27b10af2b93213d36cf44e6e1c5abd19fdd"},
    {file = "tomli-2.2.1-cp312-cp312-musllinux_1_2_x86_64.whl", hash = "sha256:b82ebccc8c8a36f2094e969560a1b836758481f3dc360ce9a3277c65f374285e"},
    {file = "tomli-2.2.1-cp312-cp312-win32.whl", hash = "sha256:889f80ef92701b9dbb224e49ec87c645ce5df3fa2cc548664eb8a25e03127a98"},
    {file = "tomli-2.2.1-cp312-cp312-win_amd64.whl", hash = "sha256:7fc04e92e1d624a4a63c76474610238576942d6b8950a2d7f908a340494e67e4"},
    {file = "tomli-2.2.1-cp313-cp313-macosx_10_13_x86_64.whl", hash = "sha256:f4039b9cbc3048b2416cc57ab3bda989a6fcf9b36cf8937f01a6e731b64f80d7"},
    {file = "tomli-2.2.1-cp313-cp313-macosx_11_0_arm64.whl", hash = "sha256:286f0ca2ffeeb5b9bd4fcc8d6c330534323ec51b2f52da063b11c502da16f30c"},
    {file = "tomli-2.2.1-cp313-cp313-manylinux_2_17_aarch64.manylinux2014_aarch64.whl", hash = "sha256:a92ef1a44547e894e2a17d24e7557a5e85a9e1d0048b0b5e7541f76c5032cb13"},
    {file = "tomli-2.2.1-cp313-cp313-manylinux_2_17_x86_64.manylinux2014_x86_64.whl", hash = "sha256:9316dc65bed1684c9a98ee68759ceaed29d229e985297003e494aa825ebb0281"},
    {file = "tomli-2.2.1-cp313-cp313-manylinux_2_5_i686.manylinux1_i686.manylinux_2_17_i686.manylinux2014_i686.whl", hash = "sha256:e85e99945e688e32d5a35c1ff38ed0b3f41f43fad8df0bdf79f72b2ba7bc5272"},
    {file = "tomli-2.2.1-cp313-cp313-musllinux_1_2_aarch64.whl", hash = "sha256:ac065718db92ca818f8d6141b5f66369833d4a80a9d74435a268c52bdfa73140"},
    {file = "tomli-2.2.1-cp313-cp313-musllinux_1_2_i686.whl", hash = "sha256:d920f33822747519673ee656a4b6ac33e382eca9d331c87770faa3eef562aeb2"},
    {file = "tomli-2.2.1-cp313-cp313-musllinux_1_2_x86_64.whl", hash = "sha256:a198f10c4d1b1375d7687bc25294306e551bf1abfa4eace6650070a5c1ae2744"},
    {file = "tomli-2.2.1-cp313-cp313-win32.whl", hash = "sha256:d3f5614314d758649ab2ab3a62d4f2004c825922f9e370b29416484086b264ec"},
    {file = "tomli-2.2.1-cp313-cp313-win_amd64.whl", hash = "sha256:a38aa0308e754b0e3c67e344754dff64999ff9b513e691d0e786265c93583c69"},
    {file = "tomli-2.2.1-py3-none-any.whl", hash = "sha256:cb55c73c5f4408779d0cf3eef9f762b9c9f147a77de7b258bef0a5628adc85cc"},
    {file = "tomli-2.2.1.tar.gz", hash = "sha256:cd45e1dc79c835ce60f7404ec8119f2eb06d38b1deba146f07ced3bbc44505ff"},
]

[[package]]
name = "typing-extensions"
version = "4.12.2"
description = "Backported and Experimental Type Hints for Python 3.8+"
optional = false
python-versions = ">=3.8"
groups = ["test"]
markers = "python_version < \"3.11\""
files = [
    {file = "typing_extensions-4.12.2-py3-none-any.whl", hash = "sha256:04e5ca0351e0f3f85c6853954072df659d0d13fac324d0072316b67d7794700d"},
    {file = "typing_extensions-4.12.2.tar.gz", hash = "sha256:1a7ead55c7e559dd4dee8856e3a88b41225abfe1ce8df57b7c13915fe121ffb8"},
]

[metadata]
lock-version = "2.1"
python-versions = "^3.8"
content-hash = "81cccd874abb70505a09e6d2df0d6cf6b8f966cd8f0eda1a7c84ba9550dae88b"
